PODS:
  - Capacitor (6.2.1):
    - CapacitorCordova
  - CapacitorCamera (6.1.3):
    - Capacitor
  - CapacitorCordova (6.2.1)
  - CapacitorGeolocation (6.1.1):
    - Capacitor
  - CapacitorPushNotifications (6.0.5):
    - Capacitor

DEPENDENCIES:
  - "Capacitor (from `../../node_modules/@capacitor/ios`)"
  - "CapacitorCamera (from `../../node_modules/@capacitor/camera`)"
  - "CapacitorCordova (from `../../node_modules/@capacitor/ios`)"
  - "CapacitorGeolocation (from `../../node_modules/@capacitor/geolocation`)"
  - "CapacitorPushNotifications (from `../../node_modules/@capacitor/push-notifications`)"

EXTERNAL SOURCES:
  Capacitor:
    :path: "../../node_modules/@capacitor/ios"
  CapacitorCamera:
    :path: "../../node_modules/@capacitor/camera"
  CapacitorCordova:
    :path: "../../node_modules/@capacitor/ios"
  CapacitorGeolocation:
    :path: "../../node_modules/@capacitor/geolocation"
  CapacitorPushNotifications:
    :path: "../../node_modules/@capacitor/push-notifications"

SPEC CHECKSUMS:
  Capacitor: 1e0d0e7330dea9f983b50da737d8918abcf273f8
  CapacitorCamera: 36dd808d7a49f946c1743b41d518208777e1fbd9
  CapacitorCordova: 8d93e14982f440181be7304aa9559ca631d77fff
  CapacitorGeolocation: c518d020144978cd7eb7a25fa609a39f6c2fb93e
  CapacitorPushNotifications: 83974a7be0f6829c26148f6ed65745b96a7d16bd

PODFILE CHECKSUM: 884373aeea31832b25b3233e9cedbbec11e88cc0

COCOAPODS: 1.12.1
